github.com/go-ini/ini v1.62.0 h1:7VJT/ZXjzqSrvtraFp4ONq80hTcRQth1c9ZnQ3uNQvU=
github.com/go-ini/ini v1.62.0/go.mod h1:ByCAeIL28uOIIG0E3PJtZPDL8WnHpFKFOtgjp+3Ies8=
github.com/hpcloud/tail v1.0.0 h1:nfCOvKYfkgYP8hkirhJocXT2+zOD8yUNjXaWfTlyFKI=
github.com/hpcloud/tail v1.0.0/go.mod h1:ab1qPbhIpdTxEkNHXyeSf5vhxWSCs/tWer42PpOxQnU=
github.com/ying32/dylib v0.0.0-20201022102751-7144b101e107 h1:d73rd6q+khiI6V7TbHVZKoCjBGKsKZd2KNrgDq6Pnew=
github.com/ying32/dylib v0.0.0-20201022102751-7144b101e107/go.mod h1:WPBTfbqg/aA1xqHFPB4fgBHETq/G/75yErbnexmaEOo=
github.com/ying32/govcl v1.2.10 h1:n0Z0DdrzKP6ia1NII4TVDnp0WumQ0X66MvV3NSh9yQk=
github.com/ying32/govcl v2.0.8+incompatible h1:ab7Aqb5Wc669uXlHjxUzRIhq7iteQzZBXJPCq10SY2g=
github.com/ying32/govcl v2.0.8+incompatible/go.mod h1:yZVtbJ9Md1nAVxtHKIriKZn4K6TQYqI1en3sN/m9FJ8=
gopkg.in/fsnotify.v1 v1.4.7 h1:xOHLXZwVvI9hhs+cLKq5+I5onOuwQLhQwiu63xxlHs4=
gopkg.in/fsnotify.v1 v1.4.7/go.mod h1:Tz8NjZHkW78fSQdbUxIjBTcgA1z1m8ZHf0WmKUhAMys=
gopkg.in/tomb.v1 v1.0.0-20141024135613-dd632973f1e7 h1:uRGJdciOHaEIrze2W8Q3AKkepLTh2hOroT7a+7czfdQ=
gopkg.in/tomb.v1 v1.0.0-20141024135613-dd632973f1e7/go.mod h1:dt/ZhP58zS4L8KSrWDmTeBkI65Dw0HsyUHuEVlX15mw=
